hash: 77ade499d46bdd39d0bbc8b011425593d7bf50f144dde042ad394625c21a5e01
updated: 2017-01-19T23:29:17.228076772Z
imports:
- name: github.com/golang/protobuf
  version: 888eb0692c857ec880338addf316bd662d5e630e
  subpackages:
  - proto
- name: github.com/intelsdi-x/snap-plugin-lib-go
  version: ed851e36ef19aa204063ac1e30551ce1e50fa816
  subpackages:
  - v1/plugin
  - v1/plugin/rpc
- name: github.com/julienschmidt/httprouter
  version: 8a45e95fc75cb77048068a62daed98cc22fdac7c
- name: github.com/kr/logfmt
  version: b84e30acd515aadc4b783ad4ff83aff3299bdfe0
- name: github.com/signalfx/com_signalfx_metrics_protobuf
  version: 1477d7f5730360be99fcaf7e7d7c56e03be2eabc
- name: github.com/signalfx/gohistogram
  version: 1ccfd2ff508314074672f4450a917011a2060408
- name: github.com/signalfx/golib
  version: 3ab9199c70e74d3e58a1d921bd276d9e91b3188e
  subpackages:
  - datapoint
  - errors
  - eventcounter
  - log
  - sfxclient
  - timekeeper
- name: golang.org/x/net
  version: 154d9f9ea81208afed560f4cf27b4860c8ed1904
  subpackages:
  - context
  - http2
  - http2/hpack
  - internal/timeseries
  - lex/httplex
  - trace
- name: google.golang.org/grpc
  version: 0032a855ba5c8a3c8e0d71c2deef354b70af1584
  subpackages:
  - codes
  - credentials
  - grpclog
  - internal
  - metadata
  - naming
  - peer
  - transport
- name: gopkg.in/logfmt.v0
  version: 390ab7935ee28ec6b286364bba9b4dd6410cb3d5
- name: gopkg.in/stack.v1
  version: 100eb0c0a9c5b306ca2fb4f165df21d80ada4b82
testImports: []
